// !$*UTF8*$!
{
	archiveVersion = 1;
	classes = {
	};
	objectVersion = 46;
	objects = {

/* Begin PBXBuildFile section */
		2384CA7099619450330B29A3 /* libPods.a in Frameworks */ = {isa = PBXBuildFile; fileRef = 51E39D64178866B6617BB8B3 /* libPods.a */; };
		6001C5701B335D1B00797F0D /* TestPerformanceViewController.m in Sources */ = {isa = PBXBuildFile; fileRef = 6001C56F1B335D1B00797F0D /* TestPerformanceViewController.m */; };
		600C65A31B33268000CBFED3 /* DataUtils.m in Sources */ = {isa = PBXBuildFile; fileRef = 600C65A21B33268000CBFED3 /* DataUtils.m */; };
		601AC6311B3260E300641F09 /* MainTableViewController.m in Sources */ = {isa = PBXBuildFile; fileRef = 601AC6301B3260E300641F09 /* MainTableViewController.m */; };
		604F0D6F1B433EC5009A3D07 /* TestsTableViewController.m in Sources */ = {isa = PBXBuildFile; fileRef = 604F0D6E1B433EC5009A3D07 /* TestsTableViewController.m */; };
		60893D471B3C8FDF0061A5ED /* Charts.framework in Frameworks */ = {isa = PBXBuildFile; fileRef = 60893D461B3C8FD60061A5ED /* Charts.framework */; };
		60893D481B3C8FDF0061A5ED /* Charts.framework in Embed Frameworks */ = {isa = PBXBuildFile; fileRef = 60893D461B3C8FD60061A5ED /* Charts.framework */; settings = {ATTRIBUTES = (CodeSignOnCopy, RemoveHeadersOnCopy, ); }; };
		60893D4F1B3DDB890061A5ED /* CPSyntheticChart.m in Sources */ = {isa = PBXBuildFile; fileRef = 60893D4E1B3DDB890061A5ED /* CPSyntheticChart.m */; };
		60B708231B448109004A0D4B /* CPSyntheticTestCell.m in Sources */ = {isa = PBXBuildFile; fileRef = 60B708211B448109004A0D4B /* CPSyntheticTestCell.m */; };
		60B708241B448109004A0D4B /* CPSyntheticTestCell.xib in Resources */ = {isa = PBXBuildFile; fileRef = 60B708221B448109004A0D4B /* CPSyntheticTestCell.xib */; };
		60B708271B4488A7004A0D4B /* SyntheticTestsViewController.m in Sources */ = {isa = PBXBuildFile; fileRef = 60B708261B4488A7004A0D4B /* SyntheticTestsViewController.m */; };
		60B7082A1B459ABA004A0D4B /* FavoritesTableViewController.m in Sources */ = {isa = PBXBuildFile; fileRef = 60B708291B459ABA004A0D4B /* FavoritesTableViewController.m */; };
		60B7082E1B45A28A004A0D4B /* CPSyntheticFavoriteTableViewCell.m in Sources */ = {isa = PBXBuildFile; fileRef = 60B7082C1B45A28A004A0D4B /* CPSyntheticFavoriteTableViewCell.m */; };
		60B7082F1B45A28A004A0D4B /* CPSyntheticFavoriteTableViewCell.xib in Resources */ = {isa = PBXBuildFile; fileRef = 60B7082D1B45A28A004A0D4B /* CPSyntheticFavoriteTableViewCell.xib */; };
		60D1A51B1B3B669200E9CDAC /* ChartsViewController.m in Sources */ = {isa = PBXBuildFile; fileRef = 60D1A51A1B3B669200E9CDAC /* ChartsViewController.m */; };
		60D1A51E1B3B688300E9CDAC /* Catchpoint-Swift.swift in Sources */ = {isa = PBXBuildFile; fileRef = 60D1A51D1B3B688300E9CDAC /* Catchpoint-Swift.swift */; };
		60DA286D1B349356002B281B /* CPAPIRequest.m in Sources */ = {isa = PBXBuildFile; fileRef = 60DA286C1B349356002B281B /* CPAPIRequest.m */; };
		60DA28701B34A7F7002B281B /* CPAPIParser.m in Sources */ = {isa = PBXBuildFile; fileRef = 60DA286F1B34A7F7002B281B /* CPAPIParser.m */; };
		60DA28731B34BFFB002B281B /* CPSyntheticMetrics.m in Sources */ = {isa = PBXBuildFile; fileRef = 60DA28721B34BFFB002B281B /* CPSyntheticMetrics.m */; };
		60F32C9C1B31FF7300BDCA16 /* main.m in Sources */ = {isa = PBXBuildFile; fileRef = 60F32C9B1B31FF7300BDCA16 /* main.m */; };
		60F32C9F1B31FF7300BDCA16 /* AppDelegate.m in Sources */ = {isa = PBXBuildFile; fileRef = 60F32C9E1B31FF7300BDCA16 /* AppDelegate.m */; };
		60F32CA21B31FF7300BDCA16 /* ViewController.m in Sources */ = {isa = PBXBuildFile; fileRef = 60F32CA11B31FF7300BDCA16 /* ViewController.m */; };
		60F32CA51B31FF7300BDCA16 /* Main.storyboard in Resources */ = {isa = PBXBuildFile; fileRef = 60F32CA31B31FF7300BDCA16 /* Main.storyboard */; };
		60F32CA71B31FF7300BDCA16 /* Images.xcassets in Resources */ = {isa = PBXBuildFile; fileRef = 60F32CA61B31FF7300BDCA16 /* Images.xcassets */; };
		60F32CAA1B31FF7300BDCA16 /* LaunchScreen.xib in Resources */ = {isa = PBXBuildFile; fileRef = 60F32CA81B31FF7300BDCA16 /* LaunchScreen.xib */; };
		60F32CB61B31FF7300BDCA16 /* CatchpointTests.m in Sources */ = {isa = PBXBuildFile; fileRef = 60F32CB51B31FF7300BDCA16 /* CatchpointTests.m */; };
		60F32CC11B32002E00BDCA16 /* CPAPIToken.m in Sources */ = {isa = PBXBuildFile; fileRef = 60F32CC01B32002E00BDCA16 /* CPAPIToken.m */; };
		60F32CC51B32059800BDCA16 /* CPAPIManager.m in Sources */ = {isa = PBXBuildFile; fileRef = 60F32CC41B32059800BDCA16 /* CPAPIManager.m */; };
		60FE435E1B33516600109D14 /* TimeUtils.m in Sources */ = {isa = PBXBuildFile; fileRef = 60FE435D1B33516600109D14 /* TimeUtils.m */; };
/* End PBXBuildFile section */

/* Begin PBXContainerItemProxy section */
		60893D451B3C8FD60061A5ED /* PBXContainerItemProxy */ = {
			isa = PBXContainerItemProxy;
			containerPortal = 60893D411B3C8FD60061A5ED /* Charts.xcodeproj */;
			proxyType = 2;
			remoteGlobalIDString = 5BA8EC401A9D14DC00CE82E1;
			remoteInfo = Charts;
		};
		60893D491B3C8FDF0061A5ED /* PBXContainerItemProxy */ = {
			isa = PBXContainerItemProxy;
			containerPortal = 60893D411B3C8FD60061A5ED /* Charts.xcodeproj */;
			proxyType = 1;
			remoteGlobalIDString = 5BA8EC3F1A9D14DC00CE82E1;
			remoteInfo = Charts;
		};
		60F32CB01B31FF7300BDCA16 /* PBXContainerItemProxy */ = {
			isa = PBXContainerItemProxy;
			containerPortal = 60F32C8E1B31FF7300BDCA16 /* Project object */;
			proxyType = 1;
			remoteGlobalIDString = 60F32C951B31FF7300BDCA16;
			remoteInfo = Catchpoint;
		};
/* End PBXContainerItemProxy section */

/* Begin PBXCopyFilesBuildPhase section */
		60893D4B1B3C8FDF0061A5ED /* Embed Frameworks */ = {
			isa = PBXCopyFilesBuildPhase;
			buildActionMask = 2147483647;
			dstPath = "";
			dstSubfolderSpec = 10;
			files = (
				60893D481B3C8FDF0061A5ED /* Charts.framework in Embed Frameworks */,
			);
			name = "Embed Frameworks";
			runOnlyForDeploymentPostprocessing = 0;
		};
/* End PBXCopyFilesBuildPhase section */

/* Begin PBXFileReference section */
		51E39D64178866B6617BB8B3 /* libPods.a */ = {isa = PBXFileReference; explicitFileType = archive.ar; includeInIndex = 0; path = libPods.a; sourceTree = BUILT_PRODUCTS_DIR; };
		6001C56E1B335D1B00797F0D /* TestPerformanceViewController.h */ = {isa = PBXFileReference; fileEncoding = 4; lastKnownFileType = sourcecode.c.h; path = TestPerformanceViewController.h; sourceTree = "<group>"; };
		6001C56F1B335D1B00797F0D /* TestPerformanceViewController.m */ = {isa = PBXFileReference; fileEncoding = 4; lastKnownFileType = sourcecode.c.objc; path = TestPerformanceViewController.m; sourceTree = "<group>"; };
		600C65A11B33268000CBFED3 /* DataUtils.h */ = {isa = PBXFileReference; fileEncoding = 4; lastKnownFileType = sourcecode.c.h; path = DataUtils.h; sourceTree = "<group>"; };
		600C65A21B33268000CBFED3 /* DataUtils.m */ = {isa = PBXFileReference; fileEncoding = 4; lastKnownFileType = sourcecode.c.objc; path = DataUtils.m; sourceTree = "<group>"; };
		601AC62F1B3260E300641F09 /* MainTableViewController.h */ = {isa = PBXFileReference; fileEncoding = 4; lastKnownFileType = sourcecode.c.h; path = MainTableViewController.h; sourceTree = "<group>"; };
		601AC6301B3260E300641F09 /* MainTableViewController.m */ = {isa = PBXFileReference; fileEncoding = 4; lastKnownFileType = sourcecode.c.objc; path = MainTableViewController.m; sourceTree = "<group>"; };
		604F0D6D1B433EC5009A3D07 /* TestsTableViewController.h */ = {isa = PBXFileReference; fileEncoding = 4; lastKnownFileType = sourcecode.c.h; path = TestsTableViewController.h; sourceTree = "<group>"; };
		604F0D6E1B433EC5009A3D07 /* TestsTableViewController.m */ = {isa = PBXFileReference; fileEncoding = 4; lastKnownFileType = sourcecode.c.objc; path = TestsTableViewController.m; sourceTree = "<group>"; };
		60893D411B3C8FD60061A5ED /* Charts.xcodeproj */ = {isa = PBXFileReference; lastKnownFileType = "wrapper.pb-project"; path = Charts.xcodeproj; sourceTree = "<group>"; };
		60893D4D1B3DDB890061A5ED /* CPSyntheticChart.h */ = {isa = PBXFileReference; fileEncoding = 4; lastKnownFileType = sourcecode.c.h; path = CPSyntheticChart.h; sourceTree = "<group>"; };
		60893D4E1B3DDB890061A5ED /* CPSyntheticChart.m */ = {isa = PBXFileReference; fileEncoding = 4; lastKnownFileType = sourcecode.c.objc; path = CPSyntheticChart.m; sourceTree = "<group>"; };
		60B708201B448109004A0D4B /* CPSyntheticTestCell.h */ = {isa = PBXFileReference; fileEncoding = 4; lastKnownFileType = sourcecode.c.h; path = CPSyntheticTestCell.h; sourceTree = "<group>"; };
		60B708211B448109004A0D4B /* CPSyntheticTestCell.m */ = {isa = PBXFileReference; fileEncoding = 4; lastKnownFileType = sourcecode.c.objc; path = CPSyntheticTestCell.m; sourceTree = "<group>"; };
		60B708221B448109004A0D4B /* CPSyntheticTestCell.xib */ = {isa = PBXFileReference; fileEncoding = 4; lastKnownFileType = file.xib; path = CPSyntheticTestCell.xib; sourceTree = "<group>"; };
		60B708251B4488A7004A0D4B /* SyntheticTestsViewController.h */ = {isa = PBXFileReference; fileEncoding = 4; lastKnownFileType = sourcecode.c.h; path = SyntheticTestsViewController.h; sourceTree = "<group>"; };
		60B708261B4488A7004A0D4B /* SyntheticTestsViewController.m */ = {isa = PBXFileReference; fileEncoding = 4; lastKnownFileType = sourcecode.c.objc; path = SyntheticTestsViewController.m; sourceTree = "<group>"; };
		60B708281B459ABA004A0D4B /* FavoritesTableViewController.h */ = {isa = PBXFileReference; fileEncoding = 4; lastKnownFileType = sourcecode.c.h; path = FavoritesTableViewController.h; sourceTree = "<group>"; };
		60B708291B459ABA004A0D4B /* FavoritesTableViewController.m */ = {isa = PBXFileReference; fileEncoding = 4; lastKnownFileType = sourcecode.c.objc; path = FavoritesTableViewController.m; sourceTree = "<group>"; };
		60B7082B1B45A28A004A0D4B /* CPSyntheticFavoriteTableViewCell.h */ = {isa = PBXFileReference; fileEncoding = 4; lastKnownFileType = sourcecode.c.h; path = CPSyntheticFavoriteTableViewCell.h; sourceTree = "<group>"; };
		60B7082C1B45A28A004A0D4B /* CPSyntheticFavoriteTableViewCell.m */ = {isa = PBXFileReference; fileEncoding = 4; lastKnownFileType = sourcecode.c.objc; path = CPSyntheticFavoriteTableViewCell.m; sourceTree = "<group>"; };
		60B7082D1B45A28A004A0D4B /* CPSyntheticFavoriteTableViewCell.xib */ = {isa = PBXFileReference; fileEncoding = 4; lastKnownFileType = file.xib; path = CPSyntheticFavoriteTableViewCell.xib; sourceTree = "<group>"; };
		60D1A5171B3B65AB00E9CDAC /* Charts.framework */ = {isa = PBXFileReference; lastKnownFileType = wrapper.framework; name = Charts.framework; path = "../../../Library/Developer/Xcode/DerivedData/Catchpoint-bctuuwqvucbwmdaidqqebebfbhgi/Build/Products/Debug-iphoneos/Charts.framework"; sourceTree = "<group>"; };
		60D1A5191B3B669200E9CDAC /* ChartsViewController.h */ = {isa = PBXFileReference; fileEncoding = 4; lastKnownFileType = sourcecode.c.h; path = ChartsViewController.h; sourceTree = "<group>"; };
		60D1A51A1B3B669200E9CDAC /* ChartsViewController.m */ = {isa = PBXFileReference; fileEncoding = 4; lastKnownFileType = sourcecode.c.objc; path = ChartsViewController.m; sourceTree = "<group>"; };
		60D1A51C1B3B688200E9CDAC /* Catchpoint-Bridging-Header.h */ = {isa = PBXFileReference; lastKnownFileType = sourcecode.c.h; path = "Catchpoint-Bridging-Header.h"; sourceTree = "<group>"; };
		60D1A51D1B3B688300E9CDAC /* Catchpoint-Swift.swift */ = {isa = PBXFileReference; fileEncoding = 4; lastKnownFileType = sourcecode.swift; path = "Catchpoint-Swift.swift"; sourceTree = "<group>"; };
		60D1A5201B3B69C400E9CDAC /* Charts.framework */ = {isa = PBXFileReference; lastKnownFileType = wrapper.framework; name = Charts.framework; path = "build/Debug-iphoneos/Charts.framework"; sourceTree = "<group>"; };
		60D1A5221B3B6A6300E9CDAC /* Charts.framework */ = {isa = PBXFileReference; lastKnownFileType = wrapper.framework; name = Charts.framework; path = "build/Debug-iphoneos/Charts.framework"; sourceTree = "<group>"; };
		60D1A5241B3B6AF400E9CDAC /* Charts.framework */ = {isa = PBXFileReference; lastKnownFileType = wrapper.framework; name = Charts.framework; path = "../../../Downloads/ios-charts-master/Charts/build/Debug-iphoneos/Charts.framework"; sourceTree = "<group>"; };
		60DA286B1B349356002B281B /* CPAPIRequest.h */ = {isa = PBXFileReference; fileEncoding = 4; lastKnownFileType = sourcecode.c.h; path = CPAPIRequest.h; sourceTree = "<group>"; };
		60DA286C1B349356002B281B /* CPAPIRequest.m */ = {isa = PBXFileReference; fileEncoding = 4; lastKnownFileType = sourcecode.c.objc; path = CPAPIRequest.m; sourceTree = "<group>"; };
		60DA286E1B34A7F7002B281B /* CPAPIParser.h */ = {isa = PBXFileReference; fileEncoding = 4; lastKnownFileType = sourcecode.c.h; path = CPAPIParser.h; sourceTree = "<group>"; };
		60DA286F1B34A7F7002B281B /* CPAPIParser.m */ = {isa = PBXFileReference; fileEncoding = 4; lastKnownFileType = sourcecode.c.objc; path = CPAPIParser.m; sourceTree = "<group>"; };
		60DA28711B34BFFB002B281B /* CPSyntheticMetrics.h */ = {isa = PBXFileReference; fileEncoding = 4; lastKnownFileType = sourcecode.c.h; path = CPSyntheticMetrics.h; sourceTree = "<group>"; };
		60DA28721B34BFFB002B281B /* CPSyntheticMetrics.m */ = {isa = PBXFileReference; fileEncoding = 4; lastKnownFileType = sourcecode.c.objc; path = CPSyntheticMetrics.m; sourceTree = "<group>"; };
		60F32C961B31FF7300BDCA16 /* Catchpoint.app */ = {isa = PBXFileReference; explicitFileType = wrapper.application; includeInIndex = 0; path = Catchpoint.app; sourceTree = BUILT_PRODUCTS_DIR; };
		60F32C9A1B31FF7300BDCA16 /* Info.plist */ = {isa = PBXFileReference; lastKnownFileType = text.plist.xml; path = Info.plist; sourceTree = "<group>"; };
		60F32C9B1B31FF7300BDCA16 /* main.m */ = {isa = PBXFileReference; lastKnownFileType = sourcecode.c.objc; path = main.m; sourceTree = "<group>"; };
		60F32C9D1B31FF7300BDCA16 /* AppDelegate.h */ = {isa = PBXFileReference; lastKnownFileType = sourcecode.c.h; path = AppDelegate.h; sourceTree = "<group>"; };
		60F32C9E1B31FF7300BDCA16 /* AppDelegate.m */ = {isa = PBXFileReference; lastKnownFileType = sourcecode.c.objc; path = AppDelegate.m; sourceTree = "<group>"; };
		60F32CA01B31FF7300BDCA16 /* ViewController.h */ = {isa = PBXFileReference; lastKnownFileType = sourcecode.c.h; path = ViewController.h; sourceTree = "<group>"; };
		60F32CA11B31FF7300BDCA16 /* ViewController.m */ = {isa = PBXFileReference; lastKnownFileType = sourcecode.c.objc; path = ViewController.m; sourceTree = "<group>"; };
		60F32CA41B31FF7300BDCA16 /* Base */ = {isa = PBXFileReference; lastKnownFileType = file.storyboard; name = Base; path = Base.lproj/Main.storyboard; sourceTree = "<group>"; };
		60F32CA61B31FF7300BDCA16 /* Images.xcassets */ = {isa = PBXFileReference; lastKnownFileType = folder.assetcatalog; path = Images.xcassets; sourceTree = "<group>"; };
		60F32CA91B31FF7300BDCA16 /* Base */ = {isa = PBXFileReference; lastKnownFileType = file.xib; name = Base; path = Base.lproj/LaunchScreen.xib; sourceTree = "<group>"; };
		60F32CAF1B31FF7300BDCA16 /* CatchpointTests.xctest */ = {isa = PBXFileReference; explicitFileType = wrapper.cfbundle; includeInIndex = 0; path = CatchpointTests.xctest; sourceTree = BUILT_PRODUCTS_DIR; };
		60F32CB41B31FF7300BDCA16 /* Info.plist */ = {isa = PBXFileReference; lastKnownFileType = text.plist.xml; path = Info.plist; sourceTree = "<group>"; };
		60F32CB51B31FF7300BDCA16 /* CatchpointTests.m */ = {isa = PBXFileReference; lastKnownFileType = sourcecode.c.objc; path = CatchpointTests.m; sourceTree = "<group>"; };
		60F32CBF1B32002E00BDCA16 /* CPAPIToken.h */ = {isa = PBXFileReference; fileEncoding = 4; lastKnownFileType = sourcecode.c.h; path = CPAPIToken.h; sourceTree = "<group>"; };
		60F32CC01B32002E00BDCA16 /* CPAPIToken.m */ = {isa = PBXFileReference; fileEncoding = 4; lastKnownFileType = sourcecode.c.objc; path = CPAPIToken.m; sourceTree = "<group>"; };
		60F32CC31B32059800BDCA16 /* CPAPIManager.h */ = {isa = PBXFileReference; fileEncoding = 4; lastKnownFileType = sourcecode.c.h; path = CPAPIManager.h; sourceTree = "<group>"; };
		60F32CC41B32059800BDCA16 /* CPAPIManager.m */ = {isa = PBXFileReference; fileEncoding = 4; lastKnownFileType = sourcecode.c.objc; path = CPAPIManager.m; sourceTree = "<group>"; };
		60FE434D1B3329F500109D14 /* Charts.framework */ = {isa = PBXFileReference; lastKnownFileType = wrapper.framework; name = Charts.framework; path = "build/Debug-iphoneos/Charts.framework"; sourceTree = "<group>"; };
		60FE435C1B33516600109D14 /* TimeUtils.h */ = {isa = PBXFileReference; fileEncoding = 4; lastKnownFileType = sourcecode.c.h; path = TimeUtils.h; sourceTree = "<group>"; };
		60FE435D1B33516600109D14 /* TimeUtils.m */ = {isa = PBXFileReference; fileEncoding = 4; lastKnownFileType = sourcecode.c.objc; path = TimeUtils.m; sourceTree = "<group>"; };
		8461E40B0698537AA6C831A4 /* Pods.debug.xcconfig */ = {isa = PBXFileReference; includeInIndex = 1; lastKnownFileType = text.xcconfig; name = Pods.debug.xcconfig; path = "Pods/Target Support Files/Pods/Pods.debug.xcconfig"; sourceTree = "<group>"; };
		96F26BF93D3293323604DF4A /* Pods.release.xcconfig */ = {isa = PBXFileReference; includeInIndex = 1; lastKnownFileType = text.xcconfig; name = Pods.release.xcconfig; path = "Pods/Target Support Files/Pods/Pods.release.xcconfig"; sourceTree = "<group>"; };
/* End PBXFileReference section */

/* Begin PBXFrameworksBuildPhase section */
		60F32C931B31FF7300BDCA16 /* Frameworks */ = {
			isa = PBXFrameworksBuildPhase;
			buildActionMask = 2147483647;
			files = (
				2384CA7099619450330B29A3 /* libPods.a in Frameworks */,
				60893D471B3C8FDF0061A5ED /* Charts.framework in Frameworks */,
			);
			runOnlyForDeploymentPostprocessing = 0;
		};
		60F32CAC1B31FF7300BDCA16 /* Frameworks */ = {
			isa = PBXFrameworksBuildPhase;
			buildActionMask = 2147483647;
			files = (
			);
			runOnlyForDeploymentPostprocessing = 0;
		};
/* End PBXFrameworksBuildPhase section */

/* Begin PBXGroup section */
		57B2A10492C8507422621178 /* Pods */ = {
			isa = PBXGroup;
			children = (
				8461E40B0698537AA6C831A4 /* Pods.debug.xcconfig */,
				96F26BF93D3293323604DF4A /* Pods.release.xcconfig */,
			);
			name = Pods;
			sourceTree = "<group>";
		};
		600C65A41B33268300CBFED3 /* Utils */ = {
			isa = PBXGroup;
			children = (
				600C65A11B33268000CBFED3 /* DataUtils.h */,
				600C65A21B33268000CBFED3 /* DataUtils.m */,
				60FE435C1B33516600109D14 /* TimeUtils.h */,
				60FE435D1B33516600109D14 /* TimeUtils.m */,
			);
			name = Utils;
			sourceTree = "<group>";
		};
		60893D421B3C8FD60061A5ED /* Products */ = {
			isa = PBXGroup;
			children = (
				60893D461B3C8FD60061A5ED /* Charts.framework */,
			);
			name = Products;
			sourceTree = "<group>";
		};
		60893D501B3DDB8C0061A5ED /* Charts */ = {
			isa = PBXGroup;
			children = (
				60893D4D1B3DDB890061A5ED /* CPSyntheticChart.h */,
				60893D4E1B3DDB890061A5ED /* CPSyntheticChart.m */,
			);
			name = Charts;
			sourceTree = "<group>";
		};
		60F32C8D1B31FF7300BDCA16 = {
			isa = PBXGroup;
			children = (
				60893D411B3C8FD60061A5ED /* Charts.xcodeproj */,
				60D1A51D1B3B688300E9CDAC /* Catchpoint-Swift.swift */,
				60F32C981B31FF7300BDCA16 /* Catchpoint */,
				60F32CB21B31FF7300BDCA16 /* CatchpointTests */,
				60F32C971B31FF7300BDCA16 /* Products */,
				57B2A10492C8507422621178 /* Pods */,
				D9FA6C2FE6BA9EA55987B23C /* Frameworks */,
				60D1A51C1B3B688200E9CDAC /* Catchpoint-Bridging-Header.h */,
			);
			sourceTree = "<group>";
		};
		60F32C971B31FF7300BDCA16 /* Products */ = {
			isa = PBXGroup;
			children = (
				60F32C961B31FF7300BDCA16 /* Catchpoint.app */,
				60F32CAF1B31FF7300BDCA16 /* CatchpointTests.xctest */,
			);
			name = Products;
			sourceTree = "<group>";
		};
		60F32C981B31FF7300BDCA16 /* Catchpoint */ = {
			isa = PBXGroup;
			children = (
				60F32CC21B32003200BDCA16 /* API */,
				60893D501B3DDB8C0061A5ED /* Charts */,
				600C65A41B33268300CBFED3 /* Utils */,
				60F32C9D1B31FF7300BDCA16 /* AppDelegate.h */,
				60F32C9E1B31FF7300BDCA16 /* AppDelegate.m */,
				60B708201B448109004A0D4B /* CPSyntheticTestCell.h */,
				60B708211B448109004A0D4B /* CPSyntheticTestCell.m */,
				60B708221B448109004A0D4B /* CPSyntheticTestCell.xib */,
				60B708251B4488A7004A0D4B /* SyntheticTestsViewController.h */,
				60B708261B4488A7004A0D4B /* SyntheticTestsViewController.m */,
				60F32CA01B31FF7300BDCA16 /* ViewController.h */,
				60F32CA11B31FF7300BDCA16 /* ViewController.m */,
				60F32CA31B31FF7300BDCA16 /* Main.storyboard */,
				60B7082B1B45A28A004A0D4B /* CPSyntheticFavoriteTableViewCell.h */,
				60B7082C1B45A28A004A0D4B /* CPSyntheticFavoriteTableViewCell.m */,
				60B7082D1B45A28A004A0D4B /* CPSyntheticFavoriteTableViewCell.xib */,
				60B708281B459ABA004A0D4B /* FavoritesTableViewController.h */,
				60B708291B459ABA004A0D4B /* FavoritesTableViewController.m */,
				60D1A5191B3B669200E9CDAC /* ChartsViewController.h */,
				60D1A51A1B3B669200E9CDAC /* ChartsViewController.m */,
				6001C56E1B335D1B00797F0D /* TestPerformanceViewController.h */,
				6001C56F1B335D1B00797F0D /* TestPerformanceViewController.m */,
				601AC62F1B3260E300641F09 /* MainTableViewController.h */,
				601AC6301B3260E300641F09 /* MainTableViewController.m */,
				604F0D6D1B433EC5009A3D07 /* TestsTableViewController.h */,
				604F0D6E1B433EC5009A3D07 /* TestsTableViewController.m */,
				60F32CA61B31FF7300BDCA16 /* Images.xcassets */,
				60F32CA81B31FF7300BDCA16 /* LaunchScreen.xib */,
				60F32C991B31FF7300BDCA16 /* Supporting Files */,
			);
			path = Catchpoint;
			sourceTree = "<group>";
		};
		60F32C991B31FF7300BDCA16 /* Supporting Files */ = {
			isa = PBXGroup;
			children = (
				60F32C9A1B31FF7300BDCA16 /* Info.plist */,
				60F32C9B1B31FF7300BDCA16 /* main.m */,
			);
			name = "Supporting Files";
			sourceTree = "<group>";
		};
		60F32CB21B31FF7300BDCA16 /* CatchpointTests */ = {
			isa = PBXGroup;
			children = (
				60F32CB51B31FF7300BDCA16 /* CatchpointTests.m */,
				60F32CB31B31FF7300BDCA16 /* Supporting Files */,
			);
			path = CatchpointTests;
			sourceTree = "<group>";
		};
		60F32CB31B31FF7300BDCA16 /* Supporting Files */ = {
			isa = PBXGroup;
			children = (
				60F32CB41B31FF7300BDCA16 /* Info.plist */,
			);
			name = "Supporting Files";
			sourceTree = "<group>";
		};
		60F32CC21B32003200BDCA16 /* API */ = {
			isa = PBXGroup;
			children = (
				60F32CC31B32059800BDCA16 /* CPAPIManager.h */,
				60F32CC41B32059800BDCA16 /* CPAPIManager.m */,
				60DA286B1B349356002B281B /* CPAPIRequest.h */,
				60DA286C1B349356002B281B /* CPAPIRequest.m */,
				60F32CBF1B32002E00BDCA16 /* CPAPIToken.h */,
				60F32CC01B32002E00BDCA16 /* CPAPIToken.m */,
				60DA286E1B34A7F7002B281B /* CPAPIParser.h */,
				60DA286F1B34A7F7002B281B /* CPAPIParser.m */,
				60DA28711B34BFFB002B281B /* CPSyntheticMetrics.h */,
				60DA28721B34BFFB002B281B /* CPSyntheticMetrics.m */,
			);
			name = API;
			sourceTree = "<group>";
		};
		D9FA6C2FE6BA9EA55987B23C /* Frameworks */ = {
			isa = PBXGroup;
			children = (
				60D1A5241B3B6AF400E9CDAC /* Charts.framework */,
				60D1A5221B3B6A6300E9CDAC /* Charts.framework */,
				60D1A5201B3B69C400E9CDAC /* Charts.framework */,
				60D1A5171B3B65AB00E9CDAC /* Charts.framework */,
				60FE434D1B3329F500109D14 /* Charts.framework */,
				51E39D64178866B6617BB8B3 /* libPods.a */,
			);
			name = Frameworks;
			sourceTree = "<group>";
		};
/* End PBXGroup section */

/* Begin PBXNativeTarget section */
		60F32C951B31FF7300BDCA16 /* Catchpoint */ = {
			isa = PBXNativeTarget;
			buildConfigurationList = 60F32CB91B31FF7300BDCA16 /* Build configuration list for PBXNativeTarget "Catchpoint" */;
			buildPhases = (
				A33F890DAEDD5EEC9318A4F9 /* Check Pods Manifest.lock */,
				60F32C921B31FF7300BDCA16 /* Sources */,
				60F32C931B31FF7300BDCA16 /* Frameworks */,
				60F32C941B31FF7300BDCA16 /* Resources */,
				F7FF1E8217E051B3D83C1B05 /* Copy Pods Resources */,
				60893D4B1B3C8FDF0061A5ED /* Embed Frameworks */,
			);
			buildRules = (
			);
			dependencies = (
				60893D4A1B3C8FDF0061A5ED /* PBXTargetDependency */,
			);
			name = Catchpoint;
			productName = Catchpoint;
			productReference = 60F32C961B31FF7300BDCA16 /* Catchpoint.app */;
			productType = "com.apple.product-type.application";
		};
		60F32CAE1B31FF7300BDCA16 /* CatchpointTests */ = {
			isa = PBXNativeTarget;
			buildConfigurationList = 60F32CBC1B31FF7300BDCA16 /* Build configuration list for PBXNativeTarget "CatchpointTests" */;
			buildPhases = (
				60F32CAB1B31FF7300BDCA16 /* Sources */,
				60F32CAC1B31FF7300BDCA16 /* Frameworks */,
				60F32CAD1B31FF7300BDCA16 /* Resources */,
			);
			buildRules = (
			);
			dependencies = (
				60F32CB11B31FF7300BDCA16 /* PBXTargetDependency */,
			);
			name = CatchpointTests;
			productName = CatchpointTests;
			productReference = 60F32CAF1B31FF7300BDCA16 /* CatchpointTests.xctest */;
			productType = "com.apple.product-type.bundle.unit-test";
		};
/* End PBXNativeTarget section */

/* Begin PBXProject section */
		60F32C8E1B31FF7300BDCA16 /* Project object */ = {
			isa = PBXProject;
			attributes = {
				LastUpgradeCheck = 0630;
				ORGANIZATIONNAME = "Catchpoint Systems";
				TargetAttributes = {
					60F32C951B31FF7300BDCA16 = {
						CreatedOnToolsVersion = 6.3.2;
					};
					60F32CAE1B31FF7300BDCA16 = {
						CreatedOnToolsVersion = 6.3.2;
						TestTargetID = 60F32C951B31FF7300BDCA16;
					};
				};
			};
			buildConfigurationList = 60F32C911B31FF7300BDCA16 /* Build configuration list for PBXProject "Catchpoint" */;
			compatibilityVersion = "Xcode 3.2";
			developmentRegion = English;
			hasScannedForEncodings = 0;
			knownRegions = (
				en,
				Base,
			);
			mainGroup = 60F32C8D1B31FF7300BDCA16;
			productRefGroup = 60F32C971B31FF7300BDCA16 /* Products */;
			projectDirPath = "";
			projectReferences = (
				{
					ProductGroup = 60893D421B3C8FD60061A5ED /* Products */;
					ProjectRef = 60893D411B3C8FD60061A5ED /* Charts.xcodeproj */;
				},
			);
			projectRoot = "";
			targets = (
				60F32C951B31FF7300BDCA16 /* Catchpoint */,
				60F32CAE1B31FF7300BDCA16 /* CatchpointTests */,
			);
		};
/* End PBXProject section */

/* Begin PBXReferenceProxy section */
		60893D461B3C8FD60061A5ED /* Charts.framework */ = {
			isa = PBXReferenceProxy;
			fileType = wrapper.framework;
			path = Charts.framework;
			remoteRef = 60893D451B3C8FD60061A5ED /* PBXContainerItemProxy */;
			sourceTree = BUILT_PRODUCTS_DIR;
		};
/* End PBXReferenceProxy section */

/* Begin PBXResourcesBuildPhase section */
		60F32C941B31FF7300BDCA16 /* Resources */ = {
			isa = PBXResourcesBuildPhase;
			buildActionMask = 2147483647;
			files = (
				60B7082F1B45A28A004A0D4B /* CPSyntheticFavoriteTableViewCell.xib in Resources */,
				60F32CA51B31FF7300BDCA16 /* Main.storyboard in Resources */,
				60F32CAA1B31FF7300BDCA16 /* LaunchScreen.xib in Resources */,
				60B708241B448109004A0D4B /* CPSyntheticTestCell.xib in Resources */,
				60F32CA71B31FF7300BDCA16 /* Images.xcassets in Resources */,
			);
			runOnlyForDeploymentPostprocessing = 0;
		};
		60F32CAD1B31FF7300BDCA16 /* Resources */ = {
			isa = PBXResourcesBuildPhase;
			buildActionMask = 2147483647;
			files = (
			);
			runOnlyForDeploymentPostprocessing = 0;
		};
/* End PBXResourcesBuildPhase section */

/* Begin PBXShellScriptBuildPhase section */
		A33F890DAEDD5EEC9318A4F9 /* Check Pods Manifest.lock */ = {
			isa = PBXShellScriptBuildPhase;
			buildActionMask = 2147483647;
			files = (
			);
			inputPaths = (
			);
			name = "Check Pods Manifest.lock";
			outputPaths = (
			);
			runOnlyForDeploymentPostprocessing = 0;
			shellPath = /bin/sh;
			shellScript = "diff \"${PODS_ROOT}/../Podfile.lock\" \"${PODS_ROOT}/Manifest.lock\" > /dev/null\nif [[ $? != 0 ]] ; then\n    cat << EOM\nerror: The sandbox is not in sync with the Podfile.lock. Run 'pod install' or update your CocoaPods installation.\nEOM\n    exit 1\nfi\n";
			showEnvVarsInLog = 0;
		};
		F7FF1E8217E051B3D83C1B05 /* Copy Pods Resources */ = {
			isa = PBXShellScriptBuildPhase;
			buildActionMask = 2147483647;
			files = (
			);
			inputPaths = (
			);
			name = "Copy Pods Resources";
			outputPaths = (
			);
			runOnlyForDeploymentPostprocessing = 0;
			shellPath = /bin/sh;
			shellScript = "\"${SRCROOT}/Pods/Target Support Files/Pods/Pods-resources.sh\"\n";
			showEnvVarsInLog = 0;
		};
/* End PBXShellScriptBuildPhase section */

/* Begin PBXSourcesBuildPhase section */
		60F32C921B31FF7300BDCA16 /* Sources */ = {
			isa = PBXSourcesBuildPhase;
			buildActionMask = 2147483647;
			files = (
				60B708231B448109004A0D4B /* CPSyntheticTestCell.m in Sources */,
				60F32CC11B32002E00BDCA16 /* CPAPIToken.m in Sources */,
				60B7082E1B45A28A004A0D4B /* CPSyntheticFavoriteTableViewCell.m in Sources */,
				60D1A51B1B3B669200E9CDAC /* ChartsViewController.m in Sources */,
				600C65A31B33268000CBFED3 /* DataUtils.m in Sources */,
				60B7082A1B459ABA004A0D4B /* FavoritesTableViewController.m in Sources */,
				60F32CA21B31FF7300BDCA16 /* ViewController.m in Sources */,
				601AC6311B3260E300641F09 /* MainTableViewController.m in Sources */,
				60F32CC51B32059800BDCA16 /* CPAPIManager.m in Sources */,
				60DA286D1B349356002B281B /* CPAPIRequest.m in Sources */,
				60F32C9F1B31FF7300BDCA16 /* AppDelegate.m in Sources */,
				60FE435E1B33516600109D14 /* TimeUtils.m in Sources */,
				60B708271B4488A7004A0D4B /* SyntheticTestsViewController.m in Sources */,
				60893D4F1B3DDB890061A5ED /* CPSyntheticChart.m in Sources */,
				60DA28731B34BFFB002B281B /* CPSyntheticMetrics.m in Sources */,
				60D1A51E1B3B688300E9CDAC /* Catchpoint-Swift.swift in Sources */,
				60F32C9C1B31FF7300BDCA16 /* main.m in Sources */,
				6001C5701B335D1B00797F0D /* TestPerformanceViewController.m in Sources */,
				60DA28701B34A7F7002B281B /* CPAPIParser.m in Sources */,
				604F0D6F1B433EC5009A3D07 /* TestsTableViewController.m in Sources */,
			);
			runOnlyForDeploymentPostprocessing = 0;
		};
		60F32CAB1B31FF7300BDCA16 /* Sources */ = {
			isa = PBXSourcesBuildPhase;
			buildActionMask = 2147483647;
			files = (
				60F32CB61B31FF7300BDCA16 /* CatchpointTests.m in Sources */,
			);
			runOnlyForDeploymentPostprocessing = 0;
		};
/* End PBXSourcesBuildPhase section */

/* Begin PBXTargetDependency section */
		60893D4A1B3C8FDF0061A5ED /* PBXTargetDependency */ = {
			isa = PBXTargetDependency;
			name = Charts;
			targetProxy = 60893D491B3C8FDF0061A5ED /* PBXContainerItemProxy */;
		};
		60F32CB11B31FF7300BDCA16 /* PBXTargetDependency */ = {
			isa = PBXTargetDependency;
			target = 60F32C951B31FF7300BDCA16 /* Catchpoint */;
			targetProxy = 60F32CB01B31FF7300BDCA16 /* PBXContainerItemProxy */;
		};
/* End PBXTargetDependency section */

/* Begin PBXVariantGroup section */
		60F32CA31B31FF7300BDCA16 /* Main.storyboard */ = {
			isa = PBXVariantGroup;
			children = (
				60F32CA41B31FF7300BDCA16 /* Base */,
			);
			name = Main.storyboard;
			sourceTree = "<group>";
		};
		60F32CA81B31FF7300BDCA16 /* LaunchScreen.xib */ = {
			isa = PBXVariantGroup;
			children = (
				60F32CA91B31FF7300BDCA16 /* Base */,
			);
			name = LaunchScreen.xib;
			sourceTree = "<group>";
		};
/* End PBXVariantGroup section */

/* Begin XCBuildConfiguration section */
		60F32CB71B31FF7300BDCA16 /* Debug */ = {
			isa = XCBuildConfiguration;
			buildSettings = {
				ALWAYS_SEARCH_USER_PATHS = NO;
				CLANG_CXX_LANGUAGE_STANDARD = "gnu++0x";
				CLANG_CXX_LIBRARY = "libc++";
				CLANG_ENABLE_MODULES = YES;
				CLANG_ENABLE_OBJC_ARC = YES;
				CLANG_WARN_BOOL_CONVERSION = YES;
				CLANG_WARN_CONSTANT_CONVERSION = YES;
				CLANG_WARN_DIRECT_OBJC_ISA_USAGE = YES_ERROR;
				CLANG_WARN_EMPTY_BODY = YES;
				CLANG_WARN_ENUM_CONVERSION = YES;
				CLANG_WARN_INT_CONVERSION = YES;
				CLANG_WARN_OBJC_ROOT_CLASS = YES_ERROR;
				CLANG_WARN_UNREACHABLE_CODE = YES;
				CLANG_WARN__DUPLICATE_METHOD_MATCH = YES;
				"CODE_SIGN_IDENTITY[sdk=iphoneos*]" = "iPhone Developer";
				COPY_PHASE_STRIP = NO;
				DEBUG_INFORMATION_FORMAT = "dwarf-with-dsym";
				ENABLE_STRICT_OBJC_MSGSEND = YES;
				GCC_C_LANGUAGE_STANDARD = gnu99;
				GCC_DYNAMIC_NO_PIC = NO;
				GCC_NO_COMMON_BLOCKS = YES;
				GCC_OPTIMIZATION_LEVEL = 0;
				GCC_PREPROCESSOR_DEFINITIONS = (
					"DEBUG=1",
					"$(inherited)",
				);
				GCC_SYMBOLS_PRIVATE_EXTERN = NO;
				GCC_WARN_64_TO_32_BIT_CONVERSION = YES;
				GCC_WARN_ABOUT_RETURN_TYPE = YES_ERROR;
				GCC_WARN_UNDECLARED_SELECTOR = YES;
				GCC_WARN_UNINITIALIZED_AUTOS = YES_AGGRESSIVE;
				GCC_WARN_UNUSED_FUNCTION = YES;
				GCC_WARN_UNUSED_VARIABLE = YES;
				IPHONEOS_DEPLOYMENT_TARGET = 8.3;
				MTL_ENABLE_DEBUG_INFO = YES;
				ONLY_ACTIVE_ARCH = YES;
				SDKROOT = iphoneos;
				TARGETED_DEVICE_FAMILY = "1,2";
			};
			name = Debug;
		};
		60F32CB81B31FF7300BDCA16 /* Release */ = {
			isa = XCBuildConfiguration;
			buildSettings = {
				ALWAYS_SEARCH_USER_PATHS = NO;
				CLANG_CXX_LANGUAGE_STANDARD = "gnu++0x";
				CLANG_CXX_LIBRARY = "libc++";
				CLANG_ENABLE_MODULES = YES;
				CLANG_ENABLE_OBJC_ARC = YES;
				CLANG_WARN_BOOL_CONVERSION = YES;
				CLANG_WARN_CONSTANT_CONVERSION = YES;
				CLANG_WARN_DIRECT_OBJC_ISA_USAGE = YES_ERROR;
				CLANG_WARN_EMPTY_BODY = YES;
				CLANG_WARN_ENUM_CONVERSION = YES;
				CLANG_WARN_INT_CONVERSION = YES;
				CLANG_WARN_OBJC_ROOT_CLASS = YES_ERROR;
				CLANG_WARN_UNREACHABLE_CODE = YES;
				CLANG_WARN__DUPLICATE_METHOD_MATCH = YES;
				"CODE_SIGN_IDENTITY[sdk=iphoneos*]" = "iPhone Developer";
				COPY_PHASE_STRIP = NO;
				DEBUG_INFORMATION_FORMAT = "dwarf-with-dsym";
				ENABLE_NS_ASSERTIONS = NO;
				ENABLE_STRICT_OBJC_MSGSEND = YES;
				GCC_C_LANGUAGE_STANDARD = gnu99;
				GCC_NO_COMMON_BLOCKS = YES;
				GCC_WARN_64_TO_32_BIT_CONVERSION = YES;
				GCC_WARN_ABOUT_RETURN_TYPE = YES_ERROR;
				GCC_WARN_UNDECLARED_SELECTOR = YES;
				GCC_WARN_UNINITIALIZED_AUTOS = YES_AGGRESSIVE;
				GCC_WARN_UNUSED_FUNCTION = YES;
				GCC_WARN_UNUSED_VARIABLE = YES;
				IPHONEOS_DEPLOYMENT_TARGET = 8.3;
				MTL_ENABLE_DEBUG_INFO = NO;
				SDKROOT = iphoneos;
				TARGETED_DEVICE_FAMILY = "1,2";
				VALIDATE_PRODUCT = YES;
			};
			name = Release;
		};
		60F32CBA1B31FF7300BDCA16 /* Debug */ = {
			isa = XCBuildConfiguration;
			baseConfigurationReference = 8461E40B0698537AA6C831A4 /* Pods.debug.xcconfig */;
			buildSettings = {
				ASSETCATALOG_COMPILER_APPICON_NAME = AppIcon;
				CLANG_ENABLE_MODULES = YES;
				EMBEDDED_CONTENT_CONTAINS_SWIFT = YES;
				FRAMEWORK_SEARCH_PATHS = (
					"$(inherited)",
					"$(USER_LIBRARY_DIR)/Developer/Xcode/DerivedData/Catchpoint-bctuuwqvucbwmdaidqqebebfbhgi/Build/Products/Debug-iphoneos",
					"$(PROJECT_DIR)/build/Debug-iphoneos",
					"/Users/matias/Downloads/ios-charts-master/Charts/build/Debug-iphoneos",
				);
				INFOPLIST_FILE = Catchpoint/Info.plist;
				LD_RUNPATH_SEARCH_PATHS = "$(inherited) @executable_path/Frameworks";
				PRODUCT_NAME = "$(TARGET_NAME)";
				SWIFT_OBJC_BRIDGING_HEADER = "Catchpoint-Bridging-Header.h";
				SWIFT_OPTIMIZATION_LEVEL = "-Onone";
			};
			name = Debug;
		};
		60F32CBB1B31FF7300BDCA16 /* Release */ = {
			isa = XCBuildConfiguration;
			baseConfigurationReference = 96F26BF93D3293323604DF4A /* Pods.release.xcconfig */;
			buildSettings = {
				ASSETCATALOG_COMPILER_APPICON_NAME = AppIcon;
				CLANG_ENABLE_MODULES = YES;
				EMBEDDED_CONTENT_CONTAINS_SWIFT = YES;
				FRAMEWORK_SEARCH_PATHS = (
					"$(inherited)",
					"$(USER_LIBRARY_DIR)/Developer/Xcode/DerivedData/Catchpoint-bctuuwqvucbwmdaidqqebebfbhgi/Build/Products/Debug-iphoneos",
					"$(PROJECT_DIR)/build/Debug-iphoneos",
					"/Users/matias/Downloads/ios-charts-master/Charts/build/Debug-iphoneos",
				);
				INFOPLIST_FILE = Catchpoint/Info.plist;
				LD_RUNPATH_SEARCH_PATHS = "$(inherited) @executable_path/Frameworks";
				PRODUCT_NAME = "$(TARGET_NAME)";
				SWIFT_OBJC_BRIDGING_HEADER = "Catchpoint-Bridging-Header.h";
			};
			name = Release;
		};
		60F32CBD1B31FF7300BDCA16 /* Debug */ = {
			isa = XCBuildConfiguration;
			buildSettings = {
				BUNDLE_LOADER = "$(TEST_HOST)";
				FRAMEWORK_SEARCH_PATHS = (
					"$(SDKROOT)/Developer/Library/Frameworks",
					"$(inherited)",
				);
				GCC_PREPROCESSOR_DEFINITIONS = (
					"DEBUG=1",
					"$(inherited)",
				);
				INFOPLIST_FILE = CatchpointTests/Info.plist;
				LD_RUNPATH_SEARCH_PATHS = "$(inherited) @executable_path/Frameworks @loader_path/Frameworks";
				PRODUCT_NAME = "$(TARGET_NAME)";
				TEST_HOST = "$(BUILT_PRODUCTS_DIR)/Catchpoint.app/Catchpoint";
			};
			name = Debug;
		};
		60F32CBE1B31FF7300BDCA16 /* Release */ = {
			isa = XCBuildConfiguration;
			buildSettings = {
				BUNDLE_LOADER = "$(TEST_HOST)";
				FRAMEWORK_SEARCH_PATHS = (
					"$(SDKROOT)/Developer/Library/Frameworks",
					"$(inherited)",
				);
				INFOPLIST_FILE = CatchpointTests/Info.plist;
				LD_RUNPATH_SEARCH_PATHS = "$(inherited) @executable_path/Frameworks @loader_path/Frameworks";
				PRODUCT_NAME = "$(TARGET_NAME)";
				TEST_HOST = "$(BUILT_PRODUCTS_DIR)/Catchpoint.app/Catchpoint";
			};
			name = Release;
		};
/* End XCBuildConfiguration section */

/* Begin XCConfigurationList section */
		60F32C911B31FF7300BDCA16 /* Build configuration list for PBXProject "Catchpoint" */ = {
			isa = XCConfigurationList;
			buildConfigurations = (
				60F32CB71B31FF7300BDCA16 /* Debug */,
				60F32CB81B31FF7300BDCA16 /* Release */,
			);
			defaultConfigurationIsVisible = 0;
			defaultConfigurationName = Release;
		};
		60F32CB91B31FF7300BDCA16 /* Build configuration list for PBXNativeTarget "Catchpoint" */ = {
			isa = XCConfigurationList;
			buildConfigurations = (
				60F32CBA1B31FF7300BDCA16 /* Debug */,
				60F32CBB1B31FF7300BDCA16 /* Release */,
			);
			defaultConfigurationIsVisible = 0;
			defaultConfigurationName = Release;
		};
		60F32CBC1B31FF7300BDCA16 /* Build configuration list for PBXNativeTarget "CatchpointTests" */ = {
			isa = XCConfigurationList;
			buildConfigurations = (
				60F32CBD1B31FF7300BDCA16 /* Debug */,
				60F32CBE1B31FF7300BDCA16 /* Release */,
			);
			defaultConfigurationIsVisible = 0;
			defaultConfigurationName = Release;
		};
/* End XCConfigurationList section */
	};
	rootObject = 60F32C8E1B31FF7300BDCA16 /* Project object */;
}
